{
  "name": "javascript-testing",
  "version": "0.0.0",
  "lockfileVersion": 3,
  "requires": true,
  "packages": {
    "": {
      "name": "javascript-testing",
      "version": "0.0.0",
      "dependencies": {
        "delay": "^6.0.0"
      },
      "devDependencies": {
        "vite": "^5.0.0",
        "vitest": "^3.0.4"
      }
    },
    "node_modules/@esbuild/aix-ppc64": {
      "version": "0.21.5",
      "resolved": "https://www.myget.org/F/redisoft-components/auth/b9777768-ec53-4f42-8f63-47563fbe1aaa/npm/@esbuild/aix-ppc64/-/@esbuild/aix-ppc64-0.21.5.tgz",
      "integrity": "sha1-xxhKMmUz/N8bjuBzPiHHE7l1V18=",
      "cpu": [
        "ppc64"
      ],
      "dev": true,
      "optional": true,
      "os": [
        "aix"
      ],
      "engines": {
        "node": ">=12"
      }
    },
    "node_modules/@esbuild/android-arm": {
      "version": "0.21.5",
      "resolved": "https://www.myget.org/F/redisoft-components/auth/b9777768-ec53-4f42-8f63-47563fbe1aaa/npm/@esbuild/android-arm/-/@esbuild/android-arm-0.21.5.tgz",
      "integrity": "sha1-mwQ4T7dxkm36bXrQQyTssqubLig=",
      "cpu": [
        "arm"
      ],
      "dev": true,
      "optional": true,
      "os": [
        "android"
      ],
      "engines": {
        "node": ">=12"
      }
    },
    "node_modules/@esbuild/android-arm64": {
      "version": "0.21.5",
      "resolved": "https://www.myget.org/F/redisoft-components/auth/b9777768-ec53-4f42-8f63-47563fbe1aaa/npm/@esbuild/android-arm64/-/@esbuild/android-arm64-0.21.5.tgz",
      "integrity": "sha1-Cdm0NXeA2p6jp9+4M6Hx/0ObQFI=",
      "cpu": [
        "arm64"
      ],
      "dev": true,
      "optional": true,
      "os": [
        "android"
      ],
      "engines": {
        "node": ">=12"
      }
    },
    "node_modules/@esbuild/android-x64": {
      "version": "0.21.5",
      "resolved": "https://www.myget.org/F/redisoft-components/auth/b9777768-ec53-4f42-8f63-47563fbe1aaa/npm/@esbuild/android-x64/-/@esbuild/android-x64-0.21.5.tgz",
      "integrity": "sha1-KZGOwtt1TO3LbBsE3ozWVHr2Rh4=",
      "cpu": [
        "x64"
      ],
      "dev": true,
      "optional": true,
      "os": [
        "android"
      ],
      "engines": {
        "node": ">=12"
      }
    },
    "node_modules/@esbuild/darwin-arm64": {
      "version": "0.21.5",
      "resolved": "https://www.myget.org/F/redisoft-components/auth/b9777768-ec53-4f42-8f63-47563fbe1aaa/npm/@esbuild/darwin-arm64/-/@esbuild/darwin-arm64-0.21.5.tgz",
      "integrity": "sha1-5JW1OWYOUWkPOSivUKdvsKbM/yo=",
      "cpu": [
        "arm64"
      ],
      "dev": true,
      "optional": true,
      "os": [
        "darwin"
      ],
      "engines": {
        "node": ">=12"
      }
    },
    "node_modules/@esbuild/darwin-x64": {
      "version": "0.21.5",
      "resolved": "https://www.myget.org/F/redisoft-components/auth/b9777768-ec53-4f42-8f63-47563fbe1aaa/npm/@esbuild/darwin-x64/-/@esbuild/darwin-x64-0.21.5.tgz",
      "integrity": "sha1-wTg4+lc3KDmr3dyR1xVCzuouHiI=",
      "cpu": [
        "x64"
      ],
      "dev": true,
      "optional": true,
      "os": [
        "darwin"
      ],
      "engines": {
        "node": ">=12"
      }
    },
    "node_modules/@esbuild/freebsd-arm64": {
      "version": "0.21.5",
      "resolved": "https://www.myget.org/F/redisoft-components/auth/b9777768-ec53-4f42-8f63-47563fbe1aaa/npm/@esbuild/freebsd-arm64/-/@esbuild/freebsd-arm64-0.21.5.tgz",
      "integrity": "sha1-ZGuYmqIL+J/Qcd1dv61po1QuVQ4=",
      "cpu": [
        "arm64"
      ],
      "dev": true,
      "optional": true,
      "os": [
        "freebsd"
      ],
      "engines": {
        "node": ">=12"
      }
    },
    "node_modules/@esbuild/freebsd-x64": {
      "version": "0.21.5",
      "resolved": "https://www.myget.org/F/redisoft-components/auth/b9777768-ec53-4f42-8f63-47563fbe1aaa/npm/@esbuild/freebsd-x64/-/@esbuild/freebsd-x64-0.21.5.tgz",
      "integrity": "sha1-qmFc/ICvlU00WJBuOMoiwYz1wmE=",
      "cpu": [
        "x64"
      ],
      "dev": true,
      "optional": true,
      "os": [
        "freebsd"
      ],
      "engines": {
        "node": ">=12"
      }
    },
    "node_modules/@esbuild/linux-arm": {
      "version": "0.21.5",
      "resolved": "https://www.myget.org/F/redisoft-components/auth/b9777768-ec53-4f42-8f63-47563fbe1aaa/npm/@esbuild/linux-arm/-/@esbuild/linux-arm-0.21.5.tgz",
      "integrity": "sha1-/G/RGorKVsH284lPK+oEefj2Jrk=",
      "cpu": [
        "arm"
      ],
      "dev": true,
      "optional": true,
      "os": [
        "linux"
      ],
      "engines": {
        "node": ">=12"
      }
    },
    "node_modules/@esbuild/linux-arm64": {
      "version": "0.21.5",
      "resolved": "https://www.myget.org/F/redisoft-components/auth/b9777768-ec53-4f42-8f63-47563fbe1aaa/npm/@esbuild/linux-arm64/-/@esbuild/linux-arm64-0.21.5.tgz",
      "integrity": "sha1-cKxvoU9ct+H3+Ie8/7aArQmSK1s=",
      "cpu": [
        "arm64"
      ],
      "dev": true,
      "optional": true,
      "os": [
        "linux"
      ],
      "engines": {
        "node": ">=12"
      }
    },
    "node_modules/@esbuild/linux-ia32": {
      "version": "0.21.5",
      "resolved": "https://www.myget.org/F/redisoft-components/auth/b9777768-ec53-4f42-8f63-47563fbe1aaa/npm/@esbuild/linux-ia32/-/@esbuild/linux-ia32-0.21.5.tgz",
      "integrity": "sha1-MnH1Oz+T49CT1RjRZJ1taNNG7eI=",
      "cpu": [
        "ia32"
      ],
      "dev": true,
      "optional": true,
      "os": [
        "linux"
      ],
      "engines": {
        "node": ">=12"
      }
    },
    "node_modules/@esbuild/linux-loong64": {
      "version": "0.21.5",
      "resolved": "https://www.myget.org/F/redisoft-components/auth/b9777768-ec53-4f42-8f63-47563fbe1aaa/npm/@esbuild/linux-loong64/-/@esbuild/linux-loong64-0.21.5.tgz",
      "integrity": "sha1-7WLgQjjFcCauqDHFoTC3PA+fJt8=",
      "cpu": [
        "loong64"
      ],
      "dev": true,
      "optional": true,
      "os": [
        "linux"
      ],
      "engines": {
        "node": ">=12"
      }
    },
    "node_modules/@esbuild/linux-mips64el": {
      "version": "0.21.5",
      "resolved": "https://www.myget.org/F/redisoft-components/auth/b9777768-ec53-4f42-8f63-47563fbe1aaa/npm/@esbuild/linux-mips64el/-/@esbuild/linux-mips64el-0.21.5.tgz",
      "integrity": "sha1-55uOtIvzsQb63sGsgkD7l7TmTL4=",
      "cpu": [
        "mips64el"
      ],
      "dev": true,
      "optional": true,
      "os": [
        "linux"
      ],
      "engines": {
        "node": ">=12"
      }
    },
    "node_modules/@esbuild/linux-ppc64": {
      "version": "0.21.5",
      "resolved": "https://www.myget.org/F/redisoft-components/auth/b9777768-ec53-4f42-8f63-47563fbe1aaa/npm/@esbuild/linux-ppc64/-/@esbuild/linux-ppc64-0.21.5.tgz",
      "integrity": "sha1-XyIDhgoUO5kZ04PvdXNSH7FUw+Q=",
      "cpu": [
        "ppc64"
      ],
      "dev": true,
      "optional": true,
      "os": [
        "linux"
      ],
      "engines": {
        "node": ">=12"
      }
    },
    "node_modules/@esbuild/linux-riscv64": {
      "version": "0.21.5",
      "resolved": "https://www.myget.org/F/redisoft-components/auth/b9777768-ec53-4f42-8f63-47563fbe1aaa/npm/@esbuild/linux-riscv64/-/@esbuild/linux-riscv64-0.21.5.tgz",
      "integrity": "sha1-B7yv2ZMi1a9i9hjLnmqbf0u4Jdw=",
      "cpu": [
        "riscv64"
      ],
      "dev": true,
      "optional": true,
      "os": [
        "linux"
      ],
      "engines": {
        "node": ">=12"
      }
    },
    "node_modules/@esbuild/linux-s390x": {
      "version": "0.21.5",
      "resolved": "https://www.myget.org/F/redisoft-components/auth/b9777768-ec53-4f42-8f63-47563fbe1aaa/npm/@esbuild/linux-s390x/-/@esbuild/linux-s390x-0.21.5.tgz",
      "integrity": "sha1-t8z2hnUdaj5EuGJ6uryL4+9i2N4=",
      "cpu": [
        "s390x"
      ],
      "dev": true,
      "optional": true,
      "os": [
        "linux"
      ],
      "engines": {
        "node": ">=12"
      }
    },
    "node_modules/@esbuild/linux-x64": {
      "version": "0.21.5",
      "resolved": "https://www.myget.org/F/redisoft-components/auth/b9777768-ec53-4f42-8f63-47563fbe1aaa/npm/@esbuild/linux-x64/-/@esbuild/linux-x64-0.21.5.tgz",
      "integrity": "sha1-bY8Mdo4HDmQwmvgAS7lOaKsrs7A=",
      "cpu": [
        "x64"
      ],
      "dev": true,
      "optional": true,
      "os": [
        "linux"
      ],
      "engines": {
        "node": ">=12"
      }
    },
    "node_modules/@esbuild/netbsd-x64": {
      "version": "0.21.5",
      "resolved": "https://www.myget.org/F/redisoft-components/auth/b9777768-ec53-4f42-8f63-47563fbe1aaa/npm/@esbuild/netbsd-x64/-/@esbuild/netbsd-x64-0.21.5.tgz",
      "integrity": "sha1-u+Qw9g03jsuI3sshnGAmZzh6YEc=",
      "cpu": [
        "x64"
      ],
      "dev": true,
      "optional": true,
      "os": [
        "netbsd"
      ],
      "engines": {
        "node": ">=12"
      }
    },
    "node_modules/@esbuild/openbsd-x64": {
      "version": "0.21.5",
      "resolved": "https://www.myget.org/F/redisoft-components/auth/b9777768-ec53-4f42-8f63-47563fbe1aaa/npm/@esbuild/openbsd-x64/-/@esbuild/openbsd-x64-0.21.5.tgz",
      "integrity": "sha1-mdHPKTcnlWDSEEgh9czOIgyyr3A=",
      "cpu": [
        "x64"
      ],
      "dev": true,
      "optional": true,
      "os": [
        "openbsd"
      ],
      "engines": {
        "node": ">=12"
      }
    },
    "node_modules/@esbuild/sunos-x64": {
      "version": "0.21.5",
      "resolved": "https://www.myget.org/F/redisoft-components/auth/b9777768-ec53-4f42-8f63-47563fbe1aaa/npm/@esbuild/sunos-x64/-/@esbuild/sunos-x64-0.21.5.tgz",
      "integrity": "sha1-CHQVEsENUpVmurqDe0/gUsjzSHs=",
      "cpu": [
        "x64"
      ],
      "dev": true,
      "optional": true,
      "os": [
        "sunos"
      ],
      "engines": {
        "node": ">=12"
      }
    },
    "node_modules/@esbuild/win32-arm64": {
      "version": "0.21.5",
      "resolved": "https://www.myget.org/F/redisoft-components/auth/b9777768-ec53-4f42-8f63-47563fbe1aaa/npm/@esbuild/win32-arm64/-/@esbuild/win32-arm64-0.21.5.tgz",
      "integrity": "sha1-Z1tzhTmEESQHNQFhRKsumaYPx10=",
      "cpu": [
        "arm64"
      ],
      "dev": true,
      "optional": true,
      "os": [
        "win32"
      ],
      "engines": {
        "node": ">=12"
      }
    },
    "node_modules/@esbuild/win32-ia32": {
      "version": "0.21.5",
      "resolved": "https://www.myget.org/F/redisoft-components/auth/b9777768-ec53-4f42-8f63-47563fbe1aaa/npm/@esbuild/win32-ia32/-/@esbuild/win32-ia32-0.21.5.tgz",
      "integrity": "sha1-G/w86YqmypoJaeTSr3IUTFnBGTs=",
      "cpu": [
        "ia32"
      ],
      "dev": true,
      "optional": true,
      "os": [
        "win32"
      ],
      "engines": {
        "node": ">=12"
      }
    },
    "node_modules/@esbuild/win32-x64": {
      "version": "0.21.5",
      "resolved": "https://www.myget.org/F/redisoft-components/auth/b9777768-ec53-4f42-8f63-47563fbe1aaa/npm/@esbuild/win32-x64/-/@esbuild/win32-x64-0.21.5.tgz",
      "integrity": "sha1-rK01HVgtFXuxRVNdsqb/U91RS1w=",
      "cpu": [
        "x64"
      ],
      "dev": true,
      "optional": true,
      "os": [
        "win32"
      ],
      "engines": {
        "node": ">=12"
      }
    },
    "node_modules/@jridgewell/sourcemap-codec": {
      "version": "1.5.0",
      "resolved": "https://www.myget.org/F/redisoft-components/auth/b9777768-ec53-4f42-8f63-47563fbe1aaa/npm/@jridgewell/sourcemap-codec/-/@jridgewell/sourcemap-codec-1.5.0.tgz",
      "integrity": "sha1-MYi8snOkFLDSFf0ipYVAuYm5QJo=",
      "dev": true
    },
    "node_modules/@rollup/rollup-android-arm-eabi": {
      "version": "4.32.0",
      "resolved": "https://www.myget.org/F/redisoft-components/auth/b9777768-ec53-4f42-8f63-47563fbe1aaa/npm/@rollup/rollup-android-arm-eabi/-/@rollup/rollup-android-arm-eabi-4.32.0.tgz",
      "integrity": "sha1-Qqjol8e2Vq207evaOouDpXUmRS8=",
      "cpu": [
        "arm"
      ],
      "dev": true,
      "optional": true,
      "os": [
        "android"
      ]
    },
    "node_modules/@rollup/rollup-android-arm64": {
      "version": "4.32.0",
      "resolved": "https://www.myget.org/F/redisoft-components/auth/b9777768-ec53-4f42-8f63-47563fbe1aaa/npm/@rollup/rollup-android-arm64/-/@rollup/rollup-android-arm64-4.32.0.tgz",
      "integrity": "sha1-hGpz7vJbGP+UusHlKsq2p8esIvo=",
      "cpu": [
        "arm64"
      ],
      "dev": true,
      "optional": true,
      "os": [
        "android"
      ]
    },
    "node_modules/@rollup/rollup-darwin-arm64": {
      "version": "4.32.0",
      "resolved": "https://www.myget.org/F/redisoft-components/auth/b9777768-ec53-4f42-8f63-47563fbe1aaa/npm/@rollup/rollup-darwin-arm64/-/@rollup/rollup-darwin-arm64-4.32.0.tgz",
      "integrity": "sha1-AU7Tfx94Cf3zRCpraJ06B0qEQFg=",
      "cpu": [
        "arm64"
      ],
      "dev": true,
      "optional": true,
      "os": [
        "darwin"
      ]
    },
    "node_modules/@rollup/rollup-darwin-x64": {
      "version": "4.32.0",
      "resolved": "https://www.myget.org/F/redisoft-components/auth/b9777768-ec53-4f42-8f63-47563fbe1aaa/npm/@rollup/rollup-darwin-x64/-/@rollup/rollup-darwin-x64-4.32.0.tgz",
      "integrity": "sha1-3ebtPlbQs0R3+lbEoZmr5dS5hGs=",
      "cpu": [
        "x64"
      ],
      "dev": true,
      "optional": true,
      "os": [
        "darwin"
      ]
    },
    "node_modules/@rollup/rollup-freebsd-arm64": {
      "version": "4.32.0",
      "resolved": "https://www.myget.org/F/redisoft-components/auth/b9777768-ec53-4f42-8f63-47563fbe1aaa/npm/@rollup/rollup-freebsd-arm64/-/@rollup/rollup-freebsd-arm64-4.32.0.tgz",
      "integrity": "sha1-itY09GKmt+M4JXz2THuv+ZYYoI4=",
      "cpu": [
        "arm64"
      ],
      "dev": true,
      "optional": true,
      "os": [
        "freebsd"
      ]
    },
    "node_modules/@rollup/rollup-freebsd-x64": {
      "version": "4.32.0",
      "resolved": "https://www.myget.org/F/redisoft-components/auth/b9777768-ec53-4f42-8f63-47563fbe1aaa/npm/@rollup/rollup-freebsd-x64/-/@rollup/rollup-freebsd-x64-4.32.0.tgz",
      "integrity": "sha1-nU0du6/LA1TVK6ZRWkPHUR26gFI=",
      "cpu": [
        "x64"
      ],
      "dev": true,
      "optional": true,
      "os": [
        "freebsd"
      ]
    },
    "node_modules/@rollup/rollup-linux-arm-gnueabihf": {
      "version": "4.32.0",
      "resolved": "https://www.myget.org/F/redisoft-components/auth/b9777768-ec53-4f42-8f63-47563fbe1aaa/npm/@rollup/rollup-linux-arm-gnueabihf/-/@rollup/rollup-linux-arm-gnueabihf-4.32.0.tgz",
      "integrity": "sha1-O9X8urkqZuAy+u8QeJFdHb8n3no=",
      "cpu": [
        "arm"
      ],
      "dev": true,
      "optional": true,
      "os": [
        "linux"
      ]
    },
    "node_modules/@rollup/rollup-linux-arm-musleabihf": {
      "version": "4.32.0",
      "resolved": "https://www.myget.org/F/redisoft-components/auth/b9777768-ec53-4f42-8f63-47563fbe1aaa/npm/@rollup/rollup-linux-arm-musleabihf/-/@rollup/rollup-linux-arm-musleabihf-4.32.0.tgz",
      "integrity": "sha1-p3g4uXeZMc5PoBMmtYXu4TD1HmA=",
      "cpu": [
        "arm"
      ],
      "dev": true,
      "optional": true,
      "os": [
        "linux"
      ]
    },
    "node_modules/@rollup/rollup-linux-arm64-gnu": {
      "version": "4.32.0",
      "resolved": "https://www.myget.org/F/redisoft-components/auth/b9777768-ec53-4f42-8f63-47563fbe1aaa/npm/@rollup/rollup-linux-arm64-gnu/-/@rollup/rollup-linux-arm64-gnu-4.32.0.tgz",
      "integrity": "sha1-7BsZAbgtV6IBhK22HHJd2JkaC/A=",
      "cpu": [
        "arm64"
      ],
      "dev": true,
      "optional": true,
      "os": [
        "linux"
      ]
    },
    "node_modules/@rollup/rollup-linux-arm64-musl": {
      "version": "4.32.0",
      "resolved": "https://www.myget.org/F/redisoft-components/auth/b9777768-ec53-4f42-8f63-47563fbe1aaa/npm/@rollup/rollup-linux-arm64-musl/-/@rollup/rollup-linux-arm64-musl-4.32.0.tgz",
      "integrity": "sha1-eqI7Rb9Im3IEtaVC6FfhNHQhQd4=",
      "cpu": [
        "arm64"
      ],
      "dev": true,
      "optional": true,
      "os": [
        "linux"
      ]
    },
    "node_modules/@rollup/rollup-linux-loongarch64-gnu": {
      "version": "4.32.0",
      "resolved": "https://www.myget.org/F/redisoft-components/auth/b9777768-ec53-4f42-8f63-47563fbe1aaa/npm/@rollup/rollup-linux-loongarch64-gnu/-/@rollup/rollup-linux-loongarch64-gnu-4.32.0.tgz",
      "integrity": "sha1-e/Dr2MWtCHGcO0eGvlYdZ/lWVKc=",
      "cpu": [
        "loong64"
      ],
      "dev": true,
      "optional": true,
      "os": [
        "linux"
      ]
    },
    "node_modules/@rollup/rollup-linux-powerpc64le-gnu": {
      "version": "4.32.0",
      "resolved": "https://www.myget.org/F/redisoft-components/auth/b9777768-ec53-4f42-8f63-47563fbe1aaa/npm/@rollup/rollup-linux-powerpc64le-gnu/-/@rollup/rollup-linux-powerpc64le-gnu-4.32.0.tgz",
      "integrity": "sha1-5offyvCBJKr6rr7O8Mw5hmdcubY=",
      "cpu": [
        "ppc64"
      ],
      "dev": true,
      "optional": true,
      "os": [
        "linux"
      ]
    },
    "node_modules/@rollup/rollup-linux-riscv64-gnu": {
      "version": "4.32.0",
      "resolved": "https://www.myget.org/F/redisoft-components/auth/b9777768-ec53-4f42-8f63-47563fbe1aaa/npm/@rollup/rollup-linux-riscv64-gnu/-/@rollup/rollup-linux-riscv64-gnu-4.32.0.tgz",
      "integrity": "sha1-GfziWU+c5z0csHSLr4zZCnvtwjc=",
      "cpu": [
        "riscv64"
      ],
      "dev": true,
      "optional": true,
      "os": [
        "linux"
      ]
    },
    "node_modules/@rollup/rollup-linux-s390x-gnu": {
      "version": "4.32.0",
      "resolved": "https://www.myget.org/F/redisoft-components/auth/b9777768-ec53-4f42-8f63-47563fbe1aaa/npm/@rollup/rollup-linux-s390x-gnu/-/@rollup/rollup-linux-s390x-gnu-4.32.0.tgz",
      "integrity": "sha1-/ZmzNbtlxZvrfRWugr4Kr6mIPBk=",
      "cpu": [
        "s390x"
      ],
      "dev": true,
      "optional": true,
      "os": [
        "linux"
      ]
    },
    "node_modules/@rollup/rollup-linux-x64-gnu": {
      "version": "4.32.0",
      "resolved": "https://www.myget.org/F/redisoft-components/auth/b9777768-ec53-4f42-8f63-47563fbe1aaa/npm/@rollup/rollup-linux-x64-gnu/-/@rollup/rollup-linux-x64-gnu-4.32.0.tgz",
      "integrity": "sha1-Toxpe7qi4tchK9QghnRsgnVyEWY=",
      "cpu": [
        "x64"
      ],
      "dev": true,
      "optional": true,
      "os": [
        "linux"
      ]
    },
    "node_modules/@rollup/rollup-linux-x64-musl": {
      "version": "4.32.0",
      "resolved": "https://www.myget.org/F/redisoft-components/auth/b9777768-ec53-4f42-8f63-47563fbe1aaa/npm/@rollup/rollup-linux-x64-musl/-/@rollup/rollup-linux-x64-musl-4.32.0.tgz",
      "integrity": "sha1-DS90vZz+BVPyDwVnYKlbKT6EmrI=",
      "cpu": [
        "x64"
      ],
      "dev": true,
      "optional": true,
      "os": [
        "linux"
      ]
    },
    "node_modules/@rollup/rollup-win32-arm64-msvc": {
      "version": "4.32.0",
      "resolved": "https://www.myget.org/F/redisoft-components/auth/b9777768-ec53-4f42-8f63-47563fbe1aaa/npm/@rollup/rollup-win32-arm64-msvc/-/@rollup/rollup-win32-arm64-msvc-4.32.0.tgz",
      "integrity": "sha1-ZTSgn83UMQNkUVXO21v6Zfvywj8=",
      "cpu": [
        "arm64"
      ],
      "dev": true,
      "optional": true,
      "os": [
        "win32"
      ]
    },
    "node_modules/@rollup/rollup-win32-ia32-msvc": {
      "version": "4.32.0",
      "resolved": "https://www.myget.org/F/redisoft-components/auth/b9777768-ec53-4f42-8f63-47563fbe1aaa/npm/@rollup/rollup-win32-ia32-msvc/-/@rollup/rollup-win32-ia32-msvc-4.32.0.tgz",
      "integrity": "sha1-giLM/s/9Y6aw3b5BfY2Vnk8rEbM=",
      "cpu": [
        "ia32"
      ],
      "dev": true,
      "optional": true,
      "os": [
        "win32"
      ]
    },
    "node_modules/@rollup/rollup-win32-x64-msvc": {
      "version": "4.32.0",
      "resolved": "https://www.myget.org/F/redisoft-components/auth/b9777768-ec53-4f42-8f63-47563fbe1aaa/npm/@rollup/rollup-win32-x64-msvc/-/@rollup/rollup-win32-x64-msvc-4.32.0.tgz",
      "integrity": "sha1-GkC0eSwICUtkecSMkP5/SxDsL1Q=",
      "cpu": [
        "x64"
      ],
      "dev": true,
      "optional": true,
      "os": [
        "win32"
      ]
    },
    "node_modules/@types/estree": {
      "version": "1.0.6",
      "resolved": "https://www.myget.org/F/redisoft-components/auth/b9777768-ec53-4f42-8f63-47563fbe1aaa/npm/@types/estree/-/@types/estree-1.0.6.tgz",
      "integrity": "sha1-Yo7/7q4gZKG055946B2Ht+X8e1A=",
      "dev": true
    },
    "node_modules/@vitest/expect": {
      "version": "3.0.4",
      "resolved": "https://www.myget.org/F/redisoft-components/auth/b9777768-ec53-4f42-8f63-47563fbe1aaa/npm/@vitest/expect/-/@vitest/expect-3.0.4.tgz",
      "integrity": "sha1-lcCnOYDpmjDTmUw1tEaMS7JX0JM=",
      "dev": true,
      "dependencies": {
        "@vitest/spy": "3.0.4",
        "@vitest/utils": "3.0.4",
        "chai": "^5.1.2",
        "tinyrainbow": "^2.0.0"
      },
      "funding": {
        "url": "https://opencollective.com/vitest"
      }
    },
    "node_modules/@vitest/mocker": {
      "version": "3.0.4",
      "resolved": "https://www.myget.org/F/redisoft-components/auth/b9777768-ec53-4f42-8f63-47563fbe1aaa/npm/@vitest/mocker/-/@vitest/mocker-3.0.4.tgz",
      "integrity": "sha1-keujj3INR6pwjRvMXkx9iFsfxDU=",
      "dev": true,
      "dependencies": {
        "@vitest/spy": "3.0.4",
        "estree-walker": "^3.0.3",
        "magic-string": "^0.30.17"
      },
      "funding": {
        "url": "https://opencollective.com/vitest"
      },
      "peerDependencies": {
        "msw": "^2.4.9",
        "vite": "^5.0.0 || ^6.0.0"
      },
      "peerDependenciesMeta": {
        "msw": {
          "optional": true
        },
        "vite": {
          "optional": true
        }
      }
    },
    "node_modules/@vitest/pretty-format": {
      "version": "3.0.4",
      "resolved": "https://www.myget.org/F/redisoft-components/auth/b9777768-ec53-4f42-8f63-47563fbe1aaa/npm/@vitest/pretty-format/-/@vitest/pretty-format-3.0.4.tgz",
      "integrity": "sha1-GNXaO62aDuv0n1xdqoTQ1ffSu/o=",
      "dev": true,
      "dependencies": {
        "tinyrainbow": "^2.0.0"
      },
      "funding": {
        "url": "https://opencollective.com/vitest"
      }
    },
    "node_modules/@vitest/runner": {
      "version": "3.0.4",
      "resolved": "https://www.myget.org/F/redisoft-components/auth/b9777768-ec53-4f42-8f63-47563fbe1aaa/npm/@vitest/runner/-/@vitest/runner-3.0.4.tgz",
      "integrity": "sha1-W9yWXDJyHHzwJUgRJPc1id7qMTo=",
      "dev": true,
      "dependencies": {
        "@vitest/utils": "3.0.4",
        "pathe": "^2.0.2"
      },
      "funding": {
        "url": "https://opencollective.com/vitest"
      }
    },
    "node_modules/@vitest/snapshot": {
      "version": "3.0.4",
      "resolved": "https://www.myget.org/F/redisoft-components/auth/b9777768-ec53-4f42-8f63-47563fbe1aaa/npm/@vitest/snapshot/-/@vitest/snapshot-3.0.4.tgz",
      "integrity": "sha1-fmTBnKGrmrsvAf0kaBe18EBHmP0=",
      "dev": true,
      "dependencies": {
        "@vitest/pretty-format": "3.0.4",
        "magic-string": "^0.30.17",
        "pathe": "^2.0.2"
      },
      "funding": {
        "url": "https://opencollective.com/vitest"
      }
    },
    "node_modules/@vitest/spy": {
      "version": "3.0.4",
      "resolved": "https://www.myget.org/F/redisoft-components/auth/b9777768-ec53-4f42-8f63-47563fbe1aaa/npm/@vitest/spy/-/@vitest/spy-3.0.4.tgz",
      "integrity": "sha1-lm/TQiugk1aKajPEN3UakQYfhiI=",
      "dev": true,
      "dependencies": {
        "tinyspy": "^3.0.2"
      },
      "funding": {
        "url": "https://opencollective.com/vitest"
      }
    },
    "node_modules/@vitest/utils": {
      "version": "3.0.4",
      "resolved": "https://www.myget.org/F/redisoft-components/auth/b9777768-ec53-4f42-8f63-47563fbe1aaa/npm/@vitest/utils/-/@vitest/utils-3.0.4.tgz",
      "integrity": "sha1-ndIzYXAJeyCm5bd4u16neGzFYAg=",
      "dev": true,
      "dependencies": {
        "@vitest/pretty-format": "3.0.4",
        "loupe": "^3.1.2",
        "tinyrainbow": "^2.0.0"
      },
      "funding": {
        "url": "https://opencollective.com/vitest"
      }
    },
    "node_modules/assertion-error": {
      "version": "2.0.1",
      "resolved": "https://www.myget.org/F/redisoft-components/auth/b9777768-ec53-4f42-8f63-47563fbe1aaa/npm/assertion-error/-/assertion-error-2.0.1.tgz",
      "integrity": "sha1-9kGhlrM1aQsQcL8AtudZP+wZC/c=",
      "dev": true,
      "engines": {
        "node": ">=12"
      }
    },
    "node_modules/cac": {
      "version": "6.7.14",
      "resolved": "https://www.myget.org/F/redisoft-components/auth/b9777768-ec53-4f42-8f63-47563fbe1aaa/npm/cac/-/cac-6.7.14.tgz",
      "integrity": "sha1-gE4eb1Bu42PLDjzLsJytXdmHCVk=",
      "dev": true,
      "engines": {
        "node": ">=8"
      }
    },
    "node_modules/chai": {
      "version": "5.1.2",
      "resolved": "https://www.myget.org/F/redisoft-components/auth/b9777768-ec53-4f42-8f63-47563fbe1aaa/npm/chai/-/chai-5.1.2.tgz",
      "integrity": "sha1-OvvDQLmUrjYQylGabHCs53rUN40=",
      "dev": true,
      "dependencies": {
        "assertion-error": "^2.0.1",
        "check-error": "^2.1.1",
        "deep-eql": "^5.0.1",
        "loupe": "^3.1.0",
        "pathval": "^2.0.0"
      },
      "engines": {
        "node": ">=12"
      }
    },
    "node_modules/check-error": {
      "version": "2.1.1",
      "resolved": "https://www.myget.org/F/redisoft-components/auth/b9777768-ec53-4f42-8f63-47563fbe1aaa/npm/check-error/-/check-error-2.1.1.tgz",
      "integrity": "sha1-h+uHauce44j6BHH+Qj9JS+HZbMw=",
      "dev": true,
      "engines": {
        "node": ">= 16"
      }
    },
    "node_modules/debug": {
      "version": "4.4.0",
      "resolved": "https://www.myget.org/F/redisoft-components/auth/b9777768-ec53-4f42-8f63-47563fbe1aaa/npm/debug/-/debug-4.4.0.tgz",
      "integrity": "sha1-Kz8q6i/+t3ZHdGAmc3fchxD6uoo=",
      "dev": true,
      "dependencies": {
        "ms": "^2.1.3"
      },
      "engines": {
        "node": ">=6.0"
      },
      "peerDependenciesMeta": {
        "supports-color": {
          "optional": true
        }
      }
    },
    "node_modules/deep-eql": {
      "version": "5.0.2",
      "resolved": "https://www.myget.org/F/redisoft-components/auth/b9777768-ec53-4f42-8f63-47563fbe1aaa/npm/deep-eql/-/deep-eql-5.0.2.tgz",
      "integrity": "sha1-S3VtjXcKklcwCCXVKiws/5nDo0E=",
      "dev": true,
      "engines": {
        "node": ">=6"
      }
    },
    "node_modules/delay": {
      "version": "6.0.0",
      "resolved": "https://www.myget.org/F/redisoft-components/auth/b9777768-ec53-4f42-8f63-47563fbe1aaa/npm/delay/-/delay-6.0.0.tgz",
      "integrity": "sha1-Q3Sa799sq9nhew0AvTkEUlE35gc=",
      "engines": {
        "node": ">=16"
      },
      "funding": {
        "url": "https://github.com/sponsors/sindresorhus"
      }
    },
    "node_modules/es-module-lexer": {
      "version": "1.6.0",
      "resolved": "https://www.myget.org/F/redisoft-components/auth/b9777768-ec53-4f42-8f63-47563fbe1aaa/npm/es-module-lexer/-/es-module-lexer-1.6.0.tgz",
      "integrity": "sha1-2kn1h/2eaO4kBP5OJWwMfTqBviE=",
      "dev": true
    },
    "node_modules/esbuild": {
      "version": "0.21.5",
      "resolved": "https://www.myget.org/F/redisoft-components/auth/b9777768-ec53-4f42-8f63-47563fbe1aaa/npm/esbuild/-/esbuild-0.21.5.tgz",
      "integrity": "sha1-nKMBsSCSKVm3ZjYNisgw2g0CmX0=",
      "dev": true,
      "hasInstallScript": true,
      "bin": {
        "esbuild": "bin/esbuild"
      },
      "engines": {
        "node": ">=12"
      },
      "optionalDependencies": {
        "@esbuild/aix-ppc64": "0.21.5",
        "@esbuild/android-arm": "0.21.5",
        "@esbuild/android-arm64": "0.21.5",
        "@esbuild/android-x64": "0.21.5",
        "@esbuild/darwin-arm64": "0.21.5",
        "@esbuild/darwin-x64": "0.21.5",
        "@esbuild/freebsd-arm64": "0.21.5",
        "@esbuild/freebsd-x64": "0.21.5",
        "@esbuild/linux-arm": "0.21.5",
        "@esbuild/linux-arm64": "0.21.5",
        "@esbuild/linux-ia32": "0.21.5",
        "@esbuild/linux-loong64": "0.21.5",
        "@esbuild/linux-mips64el": "0.21.5",
        "@esbuild/linux-ppc64": "0.21.5",
        "@esbuild/linux-riscv64": "0.21.5",
        "@esbuild/linux-s390x": "0.21.5",
        "@esbuild/linux-x64": "0.21.5",
        "@esbuild/netbsd-x64": "0.21.5",
        "@esbuild/openbsd-x64": "0.21.5",
        "@esbuild/sunos-x64": "0.21.5",
        "@esbuild/win32-arm64": "0.21.5",
        "@esbuild/win32-ia32": "0.21.5",
        "@esbuild/win32-x64": "0.21.5"
      }
    },
    "node_modules/estree-walker": {
      "version": "3.0.3",
      "resolved": "https://www.myget.org/F/redisoft-components/auth/b9777768-ec53-4f42-8f63-47563fbe1aaa/npm/estree-walker/-/estree-walker-3.0.3.tgz",
      "integrity": "sha1-Z8PlSexAKkh7T8GT0ZU6UkdSNA0=",
      "dev": true,
      "dependencies": {
        "@types/estree": "^1.0.0"
      }
    },
    "node_modules/expect-type": {
      "version": "1.1.0",
      "resolved": "https://www.myget.org/F/redisoft-components/auth/b9777768-ec53-4f42-8f63-47563fbe1aaa/npm/expect-type/-/expect-type-1.1.0.tgz",
      "integrity": "sha1-oUbkFCUNE9/Enq/P0TRKQGD6THU=",
      "dev": true,
      "engines": {
        "node": ">=12.0.0"
      }
    },
    "node_modules/fsevents": {
      "version": "2.3.3",
      "resolved": "https://www.myget.org/F/redisoft-components/auth/b9777768-ec53-4f42-8f63-47563fbe1aaa/npm/fsevents/-/fsevents-2.3.3.tgz",
      "integrity": "sha1-ysZAd4XQNnWipeGlMFxpezR9kNY=",
      "dev": true,
      "hasInstallScript": true,
      "optional": true,
      "os": [
        "darwin"
      ],
      "engines": {
        "node": "^8.16.0 || ^10.6.0 || >=11.0.0"
      }
    },
    "node_modules/loupe": {
      "version": "3.1.2",
      "resolved": "https://www.myget.org/F/redisoft-components/auth/b9777768-ec53-4f42-8f63-47563fbe1aaa/npm/loupe/-/loupe-3.1.2.tgz",
      "integrity": "sha1-yG4GloBKAiGPIgYSTEXYsVKRokA=",
      "dev": true
    },
    "node_modules/magic-string": {
      "version": "0.30.17",
      "resolved": "https://www.myget.org/F/redisoft-components/auth/b9777768-ec53-4f42-8f63-47563fbe1aaa/npm/magic-string/-/magic-string-0.30.17.tgz",
      "integrity": "sha1-RQpElnPSRg5bvPupphkWoXFMdFM=",
      "dev": true,
      "dependencies": {
        "@jridgewell/sourcemap-codec": "^1.5.0"
      }
    },
    "node_modules/ms": {
      "version": "2.1.3",
      "resolved": "https://www.myget.org/F/redisoft-components/auth/b9777768-ec53-4f42-8f63-47563fbe1aaa/npm/ms/-/ms-2.1.3.tgz",
      "integrity": "sha1-V0yBOM4dK1hh8LRFedut1gxmFbI=",
      "dev": true
    },
    "node_modules/nanoid": {
      "version": "3.3.8",
      "resolved": "https://www.myget.org/F/redisoft-components/auth/b9777768-ec53-4f42-8f63-47563fbe1aaa/npm/nanoid/-/nanoid-3.3.8.tgz",
      "integrity": "sha1-sb4wML7jaq/xi6yzdeXM5SFoS68=",
      "dev": true,
      "funding": [
        {
          "type": "github",
          "url": "https://github.com/sponsors/ai"
        }
      ],
      "bin": {
        "nanoid": "bin/nanoid.cjs"
      },
      "engines": {
        "node": "^10 || ^12 || ^13.7 || ^14 || >=15.0.1"
      }
    },
    "node_modules/pathe": {
      "version": "2.0.2",
      "resolved": "https://www.myget.org/F/redisoft-components/auth/b9777768-ec53-4f42-8f63-47563fbe1aaa/npm/pathe/-/pathe-2.0.2.tgz",
      "integrity": "sha1-XthmRDdpFbPH7k0ArIw0jWcdo6U=",
      "dev": true
    },
    "node_modules/pathval": {
      "version": "2.0.0",
      "resolved": "https://www.myget.org/F/redisoft-components/auth/b9777768-ec53-4f42-8f63-47563fbe1aaa/npm/pathval/-/pathval-2.0.0.tgz",
      "integrity": "sha1-fiVQtCJgHU9rjibxMBvI8Vp0GiU=",
      "dev": true,
      "engines": {
        "node": ">= 14.16"
      }
    },
    "node_modules/picocolors": {
      "version": "1.1.1",
      "resolved": "https://www.myget.org/F/redisoft-components/auth/b9777768-ec53-4f42-8f63-47563fbe1aaa/npm/picocolors/-/picocolors-1.1.1.tgz",
      "integrity": "sha1-PTIa8+q5ObCDyPkpodEs2oHCa2s=",
      "dev": true
    },
    "node_modules/postcss": {
      "version": "8.5.1",
      "resolved": "https://www.myget.org/F/redisoft-components/auth/b9777768-ec53-4f42-8f63-47563fbe1aaa/npm/postcss/-/postcss-8.5.1.tgz",
      "integrity": "sha1-4icqH4qAf6+kEyGCRWMLXbEKMhQ=",
      "dev": true,
      "funding": [
        {
          "type": "opencollective",
          "url": "https://opencollective.com/postcss/"
        },
        {
          "type": "tidelift",
          "url": "https://tidelift.com/funding/github/npm/postcss"
        },
        {
          "type": "github",
          "url": "https://github.com/sponsors/ai"
        }
      ],
      "dependencies": {
        "nanoid": "^3.3.8",
        "picocolors": "^1.1.1",
        "source-map-js": "^1.2.1"
      },
      "engines": {
        "node": "^10 || ^12 || >=14"
      }
    },
    "node_modules/rollup": {
      "version": "4.32.0",
      "resolved": "https://www.myget.org/F/redisoft-components/auth/b9777768-ec53-4f42-8f63-47563fbe1aaa/npm/rollup/-/rollup-4.32.0.tgz",
      "integrity": "sha1-xAW/b8pJTRmZ2QiPdzbX8D5crFo=",
      "dev": true,
      "dependencies": {
        "@types/estree": "1.0.6"
      },
      "bin": {
        "rollup": "dist/bin/rollup"
      },
      "engines": {
        "node": ">=18.0.0",
        "npm": ">=8.0.0"
      },
      "optionalDependencies": {
        "@rollup/rollup-android-arm-eabi": "4.32.0",
        "@rollup/rollup-android-arm64": "4.32.0",
        "@rollup/rollup-darwin-arm64": "4.32.0",
        "@rollup/rollup-darwin-x64": "4.32.0",
        "@rollup/rollup-freebsd-arm64": "4.32.0",
        "@rollup/rollup-freebsd-x64": "4.32.0",
        "@rollup/rollup-linux-arm-gnueabihf": "4.32.0",
        "@rollup/rollup-linux-arm-musleabihf": "4.32.0",
        "@rollup/rollup-linux-arm64-gnu": "4.32.0",
        "@rollup/rollup-linux-arm64-musl": "4.32.0",
        "@rollup/rollup-linux-loongarch64-gnu": "4.32.0",
        "@rollup/rollup-linux-powerpc64le-gnu": "4.32.0",
        "@rollup/rollup-linux-riscv64-gnu": "4.32.0",
        "@rollup/rollup-linux-s390x-gnu": "4.32.0",
        "@rollup/rollup-linux-x64-gnu": "4.32.0",
        "@rollup/rollup-linux-x64-musl": "4.32.0",
        "@rollup/rollup-win32-arm64-msvc": "4.32.0",
        "@rollup/rollup-win32-ia32-msvc": "4.32.0",
        "@rollup/rollup-win32-x64-msvc": "4.32.0",
        "fsevents": "~2.3.2"
      }
    },
    "node_modules/siginfo": {
      "version": "2.0.0",
      "resolved": "https://www.myget.org/F/redisoft-components/auth/b9777768-ec53-4f42-8f63-47563fbe1aaa/npm/siginfo/-/siginfo-2.0.0.tgz",
      "integrity": "sha1-MudscLeXJOO7Vny51UPrhYzPrzA=",
      "dev": true
    },
    "node_modules/source-map-js": {
      "version": "1.2.1",
      "resolved": "https://www.myget.org/F/redisoft-components/auth/b9777768-ec53-4f42-8f63-47563fbe1aaa/npm/source-map-js/-/source-map-js-1.2.1.tgz",
      "integrity": "sha1-HOVlD93YerwJnto33P8CTCZnrkY=",
      "dev": true,
      "engines": {
        "node": ">=0.10.0"
      }
    },
    "node_modules/stackback": {
      "version": "0.0.2",
      "resolved": "https://www.myget.org/F/redisoft-components/auth/b9777768-ec53-4f42-8f63-47563fbe1aaa/npm/stackback/-/stackback-0.0.2.tgz",
      "integrity": "sha1-Gsig2Ug4SNFpXkGLbQMaPDzmjjs=",
      "dev": true
    },
    "node_modules/std-env": {
      "version": "3.8.0",
      "resolved": "https://www.myget.org/F/redisoft-components/auth/b9777768-ec53-4f42-8f63-47563fbe1aaa/npm/std-env/-/std-env-3.8.0.tgz",
      "integrity": "sha1-tW/8G68aKdzICjvfEdf8p8MV59U=",
      "dev": true
    },
    "node_modules/tinybench": {
      "version": "2.9.0",
      "resolved": "https://www.myget.org/F/redisoft-components/auth/b9777768-ec53-4f42-8f63-47563fbe1aaa/npm/tinybench/-/tinybench-2.9.0.tgz",
      "integrity": "sha1-EDyfi6bXI3pHq23R3P93JRhjQms=",
      "dev": true
    },
    "node_modules/tinyexec": {
      "version": "0.3.2",
      "resolved": "https://www.myget.org/F/redisoft-components/auth/b9777768-ec53-4f42-8f63-47563fbe1aaa/npm/tinyexec/-/tinyexec-0.3.2.tgz",
      "integrity": "sha1-lBeU5leoXklld5lcbu9m9T9Cs9I=",
      "dev": true
    },
    "node_modules/tinypool": {
      "version": "1.0.2",
      "resolved": "https://www.myget.org/F/redisoft-components/auth/b9777768-ec53-4f42-8f63-47563fbe1aaa/npm/tinypool/-/tinypool-1.0.2.tgz",
      "integrity": "sha1-cGGTzFMvTBAPZqoAsBxCFz2QUbI=",
      "dev": true,
      "engines": {
        "node": "^18.0.0 || >=20.0.0"
      }
    },
    "node_modules/tinyrainbow": {
      "version": "2.0.0",
      "resolved": "https://www.myget.org/F/redisoft-components/auth/b9777768-ec53-4f42-8f63-47563fbe1aaa/npm/tinyrainbow/-/tinyrainbow-2.0.0.tgz",
      "integrity": "sha1-lQmyFiQ2MV6A4+7g/M5EdNJEQpQ=",
      "dev": true,
      "engines": {
        "node": ">=14.0.0"
      }
    },
    "node_modules/tinyspy": {
      "version": "3.0.2",
      "resolved": "https://www.myget.org/F/redisoft-components/auth/b9777768-ec53-4f42-8f63-47563fbe1aaa/npm/tinyspy/-/tinyspy-3.0.2.tgz",
      "integrity": "sha1-ht0889c3sVrc8X14h8hKdSAd8go=",
      "dev": true,
      "engines": {
        "node": ">=14.0.0"
      }
    },
    "node_modules/vite": {
      "version": "5.4.14",
      "resolved": "https://www.myget.org/F/redisoft-components/auth/b9777768-ec53-4f42-8f63-47563fbe1aaa/npm/vite/-/vite-5.4.14.tgz",
      "integrity": "sha1-/4JV7bAhNN8YDc/KGRbDemq+hAg=",
      "dev": true,
      "dependencies": {
        "esbuild": "^0.21.3",
        "postcss": "^8.4.43",
        "rollup": "^4.20.0"
      },
      "bin": {
        "vite": "bin/vite.js"
      },
      "engines": {
        "node": "^18.0.0 || >=20.0.0"
      },
      "funding": {
        "url": "https://github.com/vitejs/vite?sponsor=1"
      },
      "optionalDependencies": {
        "fsevents": "~2.3.3"
      },
      "peerDependencies": {
        "@types/node": "^18.0.0 || >=20.0.0",
        "less": "*",
        "lightningcss": "^1.21.0",
        "sass": "*",
        "sass-embedded": "*",
        "stylus": "*",
        "sugarss": "*",
        "terser": "^5.4.0"
      },
      "peerDependenciesMeta": {
        "@types/node": {
          "optional": true
        },
        "less": {
          "optional": true
        },
        "lightningcss": {
          "optional": true
        },
        "sass": {
          "optional": true
        },
        "sass-embedded": {
          "optional": true
        },
        "stylus": {
          "optional": true
        },
        "sugarss": {
          "optional": true
        },
        "terser": {
          "optional": true
        }
      }
    },
    "node_modules/vite-node": {
      "version": "3.0.4",
      "resolved": "https://www.myget.org/F/redisoft-components/auth/b9777768-ec53-4f42-8f63-47563fbe1aaa/npm/vite-node/-/vite-node-3.0.4.tgz",
      "integrity": "sha1-bbW8TBgrrwSYYmXUa8MZPFSR9B8=",
      "dev": true,
      "dependencies": {
        "cac": "^6.7.14",
        "debug": "^4.4.0",
        "es-module-lexer": "^1.6.0",
        "pathe": "^2.0.2",
        "vite": "^5.0.0 || ^6.0.0"
      },
      "bin": {
        "vite-node": "vite-node.mjs"
      },
      "engines": {
        "node": "^18.0.0 || ^20.0.0 || >=22.0.0"
      },
      "funding": {
        "url": "https://opencollective.com/vitest"
      }
    },
    "node_modules/vitest": {
      "version": "3.0.4",
      "resolved": "https://www.myget.org/F/redisoft-components/auth/b9777768-ec53-4f42-8f63-47563fbe1aaa/npm/vitest/-/vitest-3.0.4.tgz",
      "integrity": "sha1-wdHH7RshMIkGzQbZze4osu7935c=",
      "dev": true,
      "dependencies": {
        "@vitest/expect": "3.0.4",
        "@vitest/mocker": "3.0.4",
        "@vitest/pretty-format": "^3.0.4",
        "@vitest/runner": "3.0.4",
        "@vitest/snapshot": "3.0.4",
        "@vitest/spy": "3.0.4",
        "@vitest/utils": "3.0.4",
        "chai": "^5.1.2",
        "debug": "^4.4.0",
        "expect-type": "^1.1.0",
        "magic-string": "^0.30.17",
        "pathe": "^2.0.2",
        "std-env": "^3.8.0",
        "tinybench": "^2.9.0",
        "tinyexec": "^0.3.2",
        "tinypool": "^1.0.2",
        "tinyrainbow": "^2.0.0",
        "vite": "^5.0.0 || ^6.0.0",
        "vite-node": "3.0.4",
        "why-is-node-running": "^2.3.0"
      },
      "bin": {
        "vitest": "vitest.mjs"
      },
      "engines": {
        "node": "^18.0.0 || ^20.0.0 || >=22.0.0"
      },
      "funding": {
        "url": "https://opencollective.com/vitest"
      },
      "peerDependencies": {
        "@edge-runtime/vm": "*",
        "@types/debug": "^4.1.12",
        "@types/node": "^18.0.0 || ^20.0.0 || >=22.0.0",
        "@vitest/browser": "3.0.4",
        "@vitest/ui": "3.0.4",
        "happy-dom": "*",
        "jsdom": "*"
      },
      "peerDependenciesMeta": {
        "@edge-runtime/vm": {
          "optional": true
        },
        "@types/debug": {
          "optional": true
        },
        "@types/node": {
          "optional": true
        },
        "@vitest/browser": {
          "optional": true
        },
        "@vitest/ui": {
          "optional": true
        },
        "happy-dom": {
          "optional": true
        },
        "jsdom": {
          "optional": true
        }
      }
    },
    "node_modules/why-is-node-running": {
      "version": "2.3.0",
      "resolved": "https://www.myget.org/F/redisoft-components/auth/b9777768-ec53-4f42-8f63-47563fbe1aaa/npm/why-is-node-running/-/why-is-node-running-2.3.0.tgz",
      "integrity": "sha1-o/aalxB/SUs83Dvd3Yg6fWXOvwQ=",
      "dev": true,
      "dependencies": {
        "siginfo": "^2.0.0",
        "stackback": "0.0.2"
      },
      "bin": {
        "why-is-node-running": "cli.js"
      },
      "engines": {
        "node": ">=8"
      }
    }
  }
}
